
Microsoft Visual Studio Solution File, Format Version 12.00
# Visual Studio 15
VisualStudioVersion = 15.0.27703.2047
MinimumVisualStudioVersion = 10.0.40219.1
Project("{FAE04EC0-301F-11D3-BF4B-00C04F79EFBC}") = "WindsorBioApp.Android", "WindsorBioApp\WindsorBioApp.Android\WindsorBioApp.Android.csproj", "{4312E7B7-D65A-42AE-B795-AA56BE5C7AEF}"
EndProject
Project("{FAE04EC0-301F-11D3-BF4B-00C04F79EFBC}") = "WindsorBioApp.iOS", "WindsorBioApp\WindsorBioApp.iOS\WindsorBioApp.iOS.csproj", "{45B6364D-3441-4884-8249-37444AD639FC}"
EndProject
Project("{FAE04EC0-301F-11D3-BF4B-00C04F79EFBC}") = "WindsorBioApp.UWP", "WindsorBioApp\WindsorBioApp.UWP\WindsorBioApp.UWP.csproj", "{0F149CB1-6591-4AD7-97B8-8DB88AC66082}"
EndProject
Project("{FAE04EC0-301F-11D3-BF4B-00C04F79EFBC}") = "WindsorBioApp", "WindsorBioApp\WindsorBioApp\WindsorBioApp.csproj", "{60263AE8-36D7-4DD6-8221-72F83F2A2AD7}"
EndProject
Global
	GlobalSection(SolutionConfigurationPlatforms) = preSolution
		Ad-Hoc|Any CPU = Ad-Hoc|Any CPU
		Ad-Hoc|ARM = Ad-Hoc|ARM
		Ad-Hoc|iPhone = Ad-Hoc|iPhone
		Ad-Hoc|iPhoneSimulator = Ad-Hoc|iPhoneSimulator
		Ad-Hoc|x64 = Ad-Hoc|x64
		Ad-Hoc|x86 = Ad-Hoc|x86
		AppStore|Any CPU = AppStore|Any CPU
		AppStore|ARM = AppStore|ARM
		AppStore|iPhone = AppStore|iPhone
		AppStore|iPhoneSimulator = AppStore|iPhoneSimulator
		AppStore|x64 = AppStore|x64
		AppStore|x86 = AppStore|x86
		Debug|Any CPU = Debug|Any CPU
		Debug|ARM = Debug|ARM
		Debug|iPhone = Debug|iPhone
		Debug|iPhoneSimulator = Debug|iPhoneSimulator
		Debug|x64 = Debug|x64
		Debug|x86 = Debug|x86
		Release|Any CPU = Release|Any CPU
		Release|ARM = Release|ARM
		Release|iPhone = Release|iPhone
		Release|iPhoneSimulator = Release|iPhoneSimulator
		Release|x64 = Release|x64
		Release|x86 = Release|x86
	EndGlobalSection
	GlobalSection(ProjectConfigurationPlatforms) = postSolution
		{4312E7B7-D65A-42AE-B795-AA56BE5C7AEF}.Ad-Hoc|Any CPU.ActiveCfg = Release|Any CPU
		{4312E7B7-D65A-42AE-B795-AA56BE5C7AEF}.Ad-Hoc|Any CPU.Build.0 = Release|Any CPU
		{4312E7B7-D65A-42AE-B795-AA56BE5C7AEF}.Ad-Hoc|Any CPU.Deploy.0 = Release|Any CPU
		{4312E7B7-D65A-42AE-B795-AA56BE5C7AEF}.Ad-Hoc|ARM.ActiveCfg = Release|Any CPU
		{4312E7B7-D65A-42AE-B795-AA56BE5C7AEF}.Ad-Hoc|ARM.Build.0 = Release|Any CPU
		{4312E7B7-D65A-42AE-B795-AA56BE5C7AEF}.Ad-Hoc|ARM.Deploy.0 = Release|Any CPU
		{4312E7B7-D65A-42AE-B795-AA56BE5C7AEF}.Ad-Hoc|iPhone.ActiveCfg = Release|Any CPU
		{4312E7B7-D65A-42AE-B795-AA56BE5C7AEF}.Ad-Hoc|iPhone.Build.0 = Release|Any CPU
		{4312E7B7-D65A-42AE-B795-AA56BE5C7AEF}.Ad-Hoc|iPhone.Deploy.0 = Release|Any CPU
		{4312E7B7-D65A-42AE-B795-AA56BE5C7AEF}.Ad-Hoc|iPhoneSimulator.ActiveCfg = Release|Any CPU
		{4312E7B7-D65A-42AE-B795-AA56BE5C7AEF}.Ad-Hoc|iPhoneSimulator.Build.0 = Release|Any CPU
		{4312E7B7-D65A-42AE-B795-AA56BE5C7AEF}.Ad-Hoc|iPhoneSimulator.Deploy.0 = Release|Any CPU
		{4312E7B7-D65A-42AE-B795-AA56BE5C7AEF}.Ad-Hoc|x64.ActiveCfg = Release|Any CPU
		{4312E7B7-D65A-42AE-B795-AA56BE5C7AEF}.Ad-Hoc|x64.Build.0 = Release|Any CPU
		{4312E7B7-D65A-42AE-B795-AA56BE5C7AEF}.Ad-Hoc|x64.Deploy.0 = Release|Any CPU
		{4312E7B7-D65A-42AE-B795-AA56BE5C7AEF}.Ad-Hoc|x86.ActiveCfg = Release|Any CPU
		{4312E7B7-D65A-42AE-B795-AA56BE5C7AEF}.Ad-Hoc|x86.Build.0 = Release|Any CPU
		{4312E7B7-D65A-42AE-B795-AA56BE5C7AEF}.Ad-Hoc|x86.Deploy.0 = Release|Any CPU
		{4312E7B7-D65A-42AE-B795-AA56BE5C7AEF}.AppStore|Any CPU.ActiveCfg = Release|Any CPU
		{4312E7B7-D65A-42AE-B795-AA56BE5C7AEF}.AppStore|Any CPU.Build.0 = Release|Any CPU
		{4312E7B7-D65A-42AE-B795-AA56BE5C7AEF}.AppStore|Any CPU.Deploy.0 = Release|Any CPU
		{4312E7B7-D65A-42AE-B795-AA56BE5C7AEF}.AppStore|ARM.ActiveCfg = Release|Any CPU
		{4312E7B7-D65A-42AE-B795-AA56BE5C7AEF}.AppStore|ARM.Build.0 = Release|Any CPU
		{4312E7B7-D65A-42AE-B795-AA56BE5C7AEF}.AppStore|ARM.Deploy.0 = Release|Any CPU
		{4312E7B7-D65A-42AE-B795-AA56BE5C7AEF}.AppStore|iPhone.ActiveCfg = Release|Any CPU
		{4312E7B7-D65A-42AE-B795-AA56BE5C7AEF}.AppStore|iPhone.Build.0 = Release|Any CPU
		{4312E7B7-D65A-42AE-B795-AA56BE5C7AEF}.AppStore|iPhone.Deploy.0 = Release|Any CPU
		{4312E7B7-D65A-42AE-B795-AA56BE5C7AEF}.AppStore|iPhoneSimulator.ActiveCfg = Release|Any CPU
		{4312E7B7-D65A-42AE-B795-AA56BE5C7AEF}.AppStore|iPhoneSimulator.Build.0 = Release|Any CPU
		{4312E7B7-D65A-42AE-B795-AA56BE5C7AEF}.AppStore|iPhoneSimulator.Deploy.0 = Release|Any CPU
		{4312E7B7-D65A-42AE-B795-AA56BE5C7AEF}.AppStore|x64.ActiveCfg = Release|Any CPU
		{4312E7B7-D65A-42AE-B795-AA56BE5C7AEF}.AppStore|x64.Build.0 = Release|Any CPU
		{4312E7B7-D65A-42AE-B795-AA56BE5C7AEF}.AppStore|x64.Deploy.0 = Release|Any CPU
		{4312E7B7-D65A-42AE-B795-AA56BE5C7AEF}.AppStore|x86.ActiveCfg = Release|Any CPU
		{4312E7B7-D65A-42AE-B795-AA56BE5C7AEF}.AppStore|x86.Build.0 = Release|Any CPU
		{4312E7B7-D65A-42AE-B795-AA56BE5C7AEF}.AppStore|x86.Deploy.0 = Release|Any CPU
		{4312E7B7-D65A-42AE-B795-AA56BE5C7AEF}.Debug|Any CPU.ActiveCfg = Debug|Any CPU
		{4312E7B7-D65A-42AE-B795-AA56BE5C7AEF}.Debug|Any CPU.Build.0 = Debug|Any CPU
		{4312E7B7-D65A-42AE-B795-AA56BE5C7AEF}.Debug|Any CPU.Deploy.0 = Debug|Any CPU
		{4312E7B7-D65A-42AE-B795-AA56BE5C7AEF}.Debug|ARM.ActiveCfg = Debug|Any CPU
		{4312E7B7-D65A-42AE-B795-AA56BE5C7AEF}.Debug|ARM.Build.0 = Debug|Any CPU
		{4312E7B7-D65A-42AE-B795-AA56BE5C7AEF}.Debug|ARM.Deploy.0 = Debug|Any CPU
		{4312E7B7-D65A-42AE-B795-AA56BE5C7AEF}.Debug|iPhone.ActiveCfg = Debug|Any CPU
		{4312E7B7-D65A-42AE-B795-AA56BE5C7AEF}.Debug|iPhone.Build.0 = Debug|Any CPU
		{4312E7B7-D65A-42AE-B795-AA56BE5C7AEF}.Debug|iPhone.Deploy.0 = Debug|Any CPU
		{4312E7B7-D65A-42AE-B795-AA56BE5C7AEF}.Debug|iPhoneSimulator.ActiveCfg = Debug|Any CPU
		{4312E7B7-D65A-42AE-B795-AA56BE5C7AEF}.Debug|iPhoneSimulator.Build.0 = Debug|Any CPU
		{4312E7B7-D65A-42AE-B795-AA56BE5C7AEF}.Debug|iPhoneSimulator.Deploy.0 = Debug|Any CPU
		{4312E7B7-D65A-42AE-B795-AA56BE5C7AEF}.Debug|x64.ActiveCfg = Debug|Any CPU
		{4312E7B7-D65A-42AE-B795-AA56BE5C7AEF}.Debug|x64.Build.0 = Debug|Any CPU
		{4312E7B7-D65A-42AE-B795-AA56BE5C7AEF}.Debug|x64.Deploy.0 = Debug|Any CPU
		{4312E7B7-D65A-42AE-B795-AA56BE5C7AEF}.Debug|x86.ActiveCfg = Debug|Any CPU
		{4312E7B7-D65A-42AE-B795-AA56BE5C7AEF}.Debug|x86.Build.0 = Debug|Any CPU
		{4312E7B7-D65A-42AE-B795-AA56BE5C7AEF}.Debug|x86.Deploy.0 = Debug|Any CPU
		{4312E7B7-D65A-42AE-B795-AA56BE5C7AEF}.Release|Any CPU.ActiveCfg = Release|Any CPU
		{4312E7B7-D65A-42AE-B795-AA56BE5C7AEF}.Release|Any CPU.Build.0 = Release|Any CPU
		{4312E7B7-D65A-42AE-B795-AA56BE5C7AEF}.Release|Any CPU.Deploy.0 = Release|Any CPU
		{4312E7B7-D65A-42AE-B795-AA56BE5C7AEF}.Release|ARM.ActiveCfg = Release|Any CPU
		{4312E7B7-D65A-42AE-B795-AA56BE5C7AEF}.Release|ARM.Build.0 = Release|Any CPU
		{4312E7B7-D65A-42AE-B795-AA56BE5C7AEF}.Release|ARM.Deploy.0 = Release|Any CPU
		{4312E7B7-D65A-42AE-B795-AA56BE5C7AEF}.Release|iPhone.ActiveCfg = Release|Any CPU
		{4312E7B7-D65A-42AE-B795-AA56BE5C7AEF}.Release|iPhone.Build.0 = Release|Any CPU
		{4312E7B7-D65A-42AE-B795-AA56BE5C7AEF}.Release|iPhone.Deploy.0 = Release|Any CPU
		{4312E7B7-D65A-42AE-B795-AA56BE5C7AEF}.Release|iPhoneSimulator.ActiveCfg = Release|Any CPU
		{4312E7B7-D65A-42AE-B795-AA56BE5C7AEF}.Release|iPhoneSimulator.Build.0 = Release|Any CPU
		{4312E7B7-D65A-42AE-B795-AA56BE5C7AEF}.Release|iPhoneSimulator.Deploy.0 = Release|Any CPU
		{4312E7B7-D65A-42AE-B795-AA56BE5C7AEF}.Release|x64.ActiveCfg = Release|Any CPU
		{4312E7B7-D65A-42AE-B795-AA56BE5C7AEF}.Release|x64.Build.0 = Release|Any CPU
		{4312E7B7-D65A-42AE-B795-AA56BE5C7AEF}.Release|x64.Deploy.0 = Release|Any CPU
		{4312E7B7-D65A-42AE-B795-AA56BE5C7AEF}.Release|x86.ActiveCfg = Release|Any CPU
		{4312E7B7-D65A-42AE-B795-AA56BE5C7AEF}.Release|x86.Build.0 = Release|Any CPU
		{4312E7B7-D65A-42AE-B795-AA56BE5C7AEF}.Release|x86.Deploy.0 = Release|Any CPU
		{45B6364D-3441-4884-8249-37444AD639FC}.Ad-Hoc|Any CPU.ActiveCfg = Ad-Hoc|iPhone
		{45B6364D-3441-4884-8249-37444AD639FC}.Ad-Hoc|Any CPU.Build.0 = Ad-Hoc|iPhone
		{45B6364D-3441-4884-8249-37444AD639FC}.Ad-Hoc|Any CPU.Deploy.0 = Ad-Hoc|iPhone
		{45B6364D-3441-4884-8249-37444AD639FC}.Ad-Hoc|ARM.ActiveCfg = Ad-Hoc|iPhone
		{45B6364D-3441-4884-8249-37444AD639FC}.Ad-Hoc|ARM.Build.0 = Ad-Hoc|iPhone
		{45B6364D-3441-4884-8249-37444AD639FC}.Ad-Hoc|ARM.Deploy.0 = Ad-Hoc|iPhone
		{45B6364D-3441-4884-8249-37444AD639FC}.Ad-Hoc|iPhone.ActiveCfg = Ad-Hoc|iPhone
		{45B6364D-3441-4884-8249-37444AD639FC}.Ad-Hoc|iPhone.Build.0 = Ad-Hoc|iPhone
		{45B6364D-3441-4884-8249-37444AD639FC}.Ad-Hoc|iPhone.Deploy.0 = Ad-Hoc|iPhone
		{45B6364D-3441-4884-8249-37444AD639FC}.Ad-Hoc|iPhoneSimulator.ActiveCfg = Ad-Hoc|iPhoneSimulator
		{45B6364D-3441-4884-8249-37444AD639FC}.Ad-Hoc|iPhoneSimulator.Build.0 = Ad-Hoc|iPhoneSimulator
		{45B6364D-3441-4884-8249-37444AD639FC}.Ad-Hoc|iPhoneSimulator.Deploy.0 = Ad-Hoc|iPhoneSimulator
		{45B6364D-3441-4884-8249-37444AD639FC}.Ad-Hoc|x64.ActiveCfg = Ad-Hoc|iPhone
		{45B6364D-3441-4884-8249-37444AD639FC}.Ad-Hoc|x64.Build.0 = Ad-Hoc|iPhone
		{45B6364D-3441-4884-8249-37444AD639FC}.Ad-Hoc|x64.Deploy.0 = Ad-Hoc|iPhone
		{45B6364D-3441-4884-8249-37444AD639FC}.Ad-Hoc|x86.ActiveCfg = Ad-Hoc|iPhone
		{45B6364D-3441-4884-8249-37444AD639FC}.Ad-Hoc|x86.Build.0 = Ad-Hoc|iPhone
		{45B6364D-3441-4884-8249-37444AD639FC}.Ad-Hoc|x86.Deploy.0 = Ad-Hoc|iPhone
		{45B6364D-3441-4884-8249-37444AD639FC}.AppStore|Any CPU.ActiveCfg = AppStore|iPhone
		{45B6364D-3441-4884-8249-37444AD639FC}.AppStore|Any CPU.Build.0 = AppStore|iPhone
		{45B6364D-3441-4884-8249-37444AD639FC}.AppStore|Any CPU.Deploy.0 = AppStore|iPhone
		{45B6364D-3441-4884-8249-37444AD639FC}.AppStore|ARM.ActiveCfg = AppStore|iPhone
		{45B6364D-3441-4884-8249-37444AD639FC}.AppStore|ARM.Build.0 = AppStore|iPhone
		{45B6364D-3441-4884-8249-37444AD639FC}.AppStore|ARM.Deploy.0 = AppStore|iPhone
		{45B6364D-3441-4884-8249-37444AD639FC}.AppStore|iPhone.ActiveCfg = AppStore|iPhone
		{45B6364D-3441-4884-8249-37444AD639FC}.AppStore|iPhone.Build.0 = AppStore|iPhone
		{45B6364D-3441-4884-8249-37444AD639FC}.AppStore|iPhone.Deploy.0 = AppStore|iPhone
		{45B6364D-3441-4884-8249-37444AD639FC}.AppStore|iPhoneSimulator.ActiveCfg = AppStore|iPhoneSimulator
		{45B6364D-3441-4884-8249-37444AD639FC}.AppStore|iPhoneSimulator.Build.0 = AppStore|iPhoneSimulator
		{45B6364D-3441-4884-8249-37444AD639FC}.AppStore|iPhoneSimulator.Deploy.0 = AppStore|iPhoneSimulator
		{45B6364D-3441-4884-8249-37444AD639FC}.AppStore|x64.ActiveCfg = AppStore|iPhone
		{45B6364D-3441-4884-8249-37444AD639FC}.AppStore|x64.Build.0 = AppStore|iPhone
		{45B6364D-3441-4884-8249-37444AD639FC}.AppStore|x64.Deploy.0 = AppStore|iPhone
		{45B6364D-3441-4884-8249-37444AD639FC}.AppStore|x86.ActiveCfg = AppStore|iPhone
		{45B6364D-3441-4884-8249-37444AD639FC}.AppStore|x86.Build.0 = AppStore|iPhone
		{45B6364D-3441-4884-8249-37444AD639FC}.AppStore|x86.Deploy.0 = AppStore|iPhone
		{45B6364D-3441-4884-8249-37444AD639FC}.Debug|Any CPU.ActiveCfg = Debug|iPhoneSimulator
		{45B6364D-3441-4884-8249-37444AD639FC}.Debug|Any CPU.Build.0 = Debug|iPhoneSimulator
		{45B6364D-3441-4884-8249-37444AD639FC}.Debug|Any CPU.Deploy.0 = Debug|iPhoneSimulator
		{45B6364D-3441-4884-8249-37444AD639FC}.Debug|ARM.ActiveCfg = Debug|iPhone
		{45B6364D-3441-4884-8249-37444AD639FC}.Debug|ARM.Build.0 = Debug|iPhone
		{45B6364D-3441-4884-8249-37444AD639FC}.Debug|ARM.Deploy.0 = Debug|iPhone
		{45B6364D-3441-4884-8249-37444AD639FC}.Debug|iPhone.ActiveCfg = Debug|iPhone
		{45B6364D-3441-4884-8249-37444AD639FC}.Debug|iPhone.Build.0 = Debug|iPhone
		{45B6364D-3441-4884-8249-37444AD639FC}.Debug|iPhone.Deploy.0 = Debug|iPhone
		{45B6364D-3441-4884-8249-37444AD639FC}.Debug|iPhoneSimulator.ActiveCfg = Debug|iPhoneSimulator
		{45B6364D-3441-4884-8249-37444AD639FC}.Debug|iPhoneSimulator.Build.0 = Debug|iPhoneSimulator
		{45B6364D-3441-4884-8249-37444AD639FC}.Debug|iPhoneSimulator.Deploy.0 = Debug|iPhoneSimulator
		{45B6364D-3441-4884-8249-37444AD639FC}.Debug|x64.ActiveCfg = Debug|iPhone
		{45B6364D-3441-4884-8249-37444AD639FC}.Debug|x64.Build.0 = Debug|iPhone
		{45B6364D-3441-4884-8249-37444AD639FC}.Debug|x64.Deploy.0 = Debug|iPhone
		{45B6364D-3441-4884-8249-37444AD639FC}.Debug|x86.ActiveCfg = Debug|iPhone
		{45B6364D-3441-4884-8249-37444AD639FC}.Debug|x86.Build.0 = Debug|iPhone
		{45B6364D-3441-4884-8249-37444AD639FC}.Debug|x86.Deploy.0 = Debug|iPhone
		{45B6364D-3441-4884-8249-37444AD639FC}.Release|Any CPU.ActiveCfg = Release|iPhone
		{45B6364D-3441-4884-8249-37444AD639FC}.Release|Any CPU.Build.0 = Release|iPhone
		{45B6364D-3441-4884-8249-37444AD639FC}.Release|Any CPU.Deploy.0 = Release|iPhone
		{45B6364D-3441-4884-8249-37444AD639FC}.Release|ARM.ActiveCfg = Release|iPhone
		{45B6364D-3441-4884-8249-37444AD639FC}.Release|ARM.Build.0 = Release|iPhone
		{45B6364D-3441-4884-8249-37444AD639FC}.Release|ARM.Deploy.0 = Release|iPhone
		{45B6364D-3441-4884-8249-37444AD639FC}.Release|iPhone.ActiveCfg = Release|iPhone
		{45B6364D-3441-4884-8249-37444AD639FC}.Release|iPhone.Build.0 = Release|iPhone
		{45B6364D-3441-4884-8249-37444AD639FC}.Release|iPhone.Deploy.0 = Release|iPhone
		{45B6364D-3441-4884-8249-37444AD639FC}.Release|iPhoneSimulator.ActiveCfg = Release|iPhoneSimulator
		{45B6364D-3441-4884-8249-37444AD639FC}.Release|iPhoneSimulator.Build.0 = Release|iPhoneSimulator
		{45B6364D-3441-4884-8249-37444AD639FC}.Release|iPhoneSimulator.Deploy.0 = Release|iPhoneSimulator
		{45B6364D-3441-4884-8249-37444AD639FC}.Release|x64.ActiveCfg = Release|iPhone
		{45B6364D-3441-4884-8249-37444AD639FC}.Release|x64.Build.0 = Release|iPhone
		{45B6364D-3441-4884-8249-37444AD639FC}.Release|x64.Deploy.0 = Release|iPhone
		{45B6364D-3441-4884-8249-37444AD639FC}.Release|x86.ActiveCfg = Release|iPhone
		{45B6364D-3441-4884-8249-37444AD639FC}.Release|x86.Build.0 = Release|iPhone
		{45B6364D-3441-4884-8249-37444AD639FC}.Release|x86.Deploy.0 = Release|iPhone
		{0F149CB1-6591-4AD7-97B8-8DB88AC66082}.Ad-Hoc|Any CPU.ActiveCfg = Release|x86
		{0F149CB1-6591-4AD7-97B8-8DB88AC66082}.Ad-Hoc|Any CPU.Build.0 = Release|x86
		{0F149CB1-6591-4AD7-97B8-8DB88AC66082}.Ad-Hoc|Any CPU.Deploy.0 = Release|x86
		{0F149CB1-6591-4AD7-97B8-8DB88AC66082}.Ad-Hoc|ARM.ActiveCfg = Release|ARM
		{0F149CB1-6591-4AD7-97B8-8DB88AC66082}.Ad-Hoc|ARM.Build.0 = Release|ARM
		{0F149CB1-6591-4AD7-97B8-8DB88AC66082}.Ad-Hoc|ARM.Deploy.0 = Release|ARM
		{0F149CB1-6591-4AD7-97B8-8DB88AC66082}.Ad-Hoc|iPhone.ActiveCfg = Release|x86
		{0F149CB1-6591-4AD7-97B8-8DB88AC66082}.Ad-Hoc|iPhone.Build.0 = Release|x86
		{0F149CB1-6591-4AD7-97B8-8DB88AC66082}.Ad-Hoc|iPhone.Deploy.0 = Release|x86
		{0F149CB1-6591-4AD7-97B8-8DB88AC66082}.Ad-Hoc|iPhoneSimulator.ActiveCfg = Release|x86
		{0F149CB1-6591-4AD7-97B8-8DB88AC66082}.Ad-Hoc|iPhoneSimulator.Build.0 = Release|x86
		{0F149CB1-6591-4AD7-97B8-8DB88AC66082}.Ad-Hoc|iPhoneSimulator.Deploy.0 = Release|x86
		{0F149CB1-6591-4AD7-97B8-8DB88AC66082}.Ad-Hoc|x64.ActiveCfg = Release|x64
		{0F149CB1-6591-4AD7-97B8-8DB88AC66082}.Ad-Hoc|x64.Build.0 = Release|x64
		{0F149CB1-6591-4AD7-97B8-8DB88AC66082}.Ad-Hoc|x64.Deploy.0 = Release|x64
		{0F149CB1-6591-4AD7-97B8-8DB88AC66082}.Ad-Hoc|x86.ActiveCfg = Release|x86
		{0F149CB1-6591-4AD7-97B8-8DB88AC66082}.Ad-Hoc|x86.Build.0 = Release|x86
		{0F149CB1-6591-4AD7-97B8-8DB88AC66082}.Ad-Hoc|x86.Deploy.0 = Release|x86
		{0F149CB1-6591-4AD7-97B8-8DB88AC66082}.AppStore|Any CPU.ActiveCfg = Release|x86
		{0F149CB1-6591-4AD7-97B8-8DB88AC66082}.AppStore|Any CPU.Build.0 = Release|x86
		{0F149CB1-6591-4AD7-97B8-8DB88AC66082}.AppStore|Any CPU.Deploy.0 = Release|x86
		{0F149CB1-6591-4AD7-97B8-8DB88AC66082}.AppStore|ARM.ActiveCfg = Release|ARM
		{0F149CB1-6591-4AD7-97B8-8DB88AC66082}.AppStore|ARM.Build.0 = Release|ARM
		{0F149CB1-6591-4AD7-97B8-8DB88AC66082}.AppStore|ARM.Deploy.0 = Release|ARM
		{0F149CB1-6591-4AD7-97B8-8DB88AC66082}.AppStore|iPhone.ActiveCfg = Release|x86
		{0F149CB1-6591-4AD7-97B8-8DB88AC66082}.AppStore|iPhone.Build.0 = Release|x86
		{0F149CB1-6591-4AD7-97B8-8DB88AC66082}.AppStore|iPhone.Deploy.0 = Release|x86
		{0F149CB1-6591-4AD7-97B8-8DB88AC66082}.AppStore|iPhoneSimulator.ActiveCfg = Release|x86
		{0F149CB1-6591-4AD7-97B8-8DB88AC66082}.AppStore|iPhoneSimulator.Build.0 = Release|x86
		{0F149CB1-6591-4AD7-97B8-8DB88AC66082}.AppStore|iPhoneSimulator.Deploy.0 = Release|x86
		{0F149CB1-6591-4AD7-97B8-8DB88AC66082}.AppStore|x64.ActiveCfg = Release|x64
		{0F149CB1-6591-4AD7-97B8-8DB88AC66082}.AppStore|x64.Build.0 = Release|x64
		{0F149CB1-6591-4AD7-97B8-8DB88AC66082}.AppStore|x64.Deploy.0 = Release|x64
		{0F149CB1-6591-4AD7-97B8-8DB88AC66082}.AppStore|x86.ActiveCfg = Release|x86
		{0F149CB1-6591-4AD7-97B8-8DB88AC66082}.AppStore|x86.Build.0 = Release|x86
		{0F149CB1-6591-4AD7-97B8-8DB88AC66082}.AppStore|x86.Deploy.0 = Release|x86
		{0F149CB1-6591-4AD7-97B8-8DB88AC66082}.Debug|Any CPU.ActiveCfg = Debug|x86
		{0F149CB1-6591-4AD7-97B8-8DB88AC66082}.Debug|ARM.ActiveCfg = Debug|ARM
		{0F149CB1-6591-4AD7-97B8-8DB88AC66082}.Debug|ARM.Build.0 = Debug|ARM
		{0F149CB1-6591-4AD7-97B8-8DB88AC66082}.Debug|ARM.Deploy.0 = Debug|ARM
		{0F149CB1-6591-4AD7-97B8-8DB88AC66082}.Debug|iPhone.ActiveCfg = Debug|x86
		{0F149CB1-6591-4AD7-97B8-8DB88AC66082}.Debug|iPhoneSimulator.ActiveCfg = Debug|x86
		{0F149CB1-6591-4AD7-97B8-8DB88AC66082}.Debug|x64.ActiveCfg = Debug|x64
		{0F149CB1-6591-4AD7-97B8-8DB88AC66082}.Debug|x64.Build.0 = Debug|x64
		{0F149CB1-6591-4AD7-97B8-8DB88AC66082}.Debug|x64.Deploy.0 = Debug|x64
		{0F149CB1-6591-4AD7-97B8-8DB88AC66082}.Debug|x86.ActiveCfg = Debug|x86
		{0F149CB1-6591-4AD7-97B8-8DB88AC66082}.Debug|x86.Build.0 = Debug|x86
		{0F149CB1-6591-4AD7-97B8-8DB88AC66082}.Debug|x86.Deploy.0 = Debug|x86
		{0F149CB1-6591-4AD7-97B8-8DB88AC66082}.Release|Any CPU.ActiveCfg = Release|x86
		{0F149CB1-6591-4AD7-97B8-8DB88AC66082}.Release|ARM.ActiveCfg = Release|ARM
		{0F149CB1-6591-4AD7-97B8-8DB88AC66082}.Release|ARM.Build.0 = Release|ARM
		{0F149CB1-6591-4AD7-97B8-8DB88AC66082}.Release|ARM.Deploy.0 = Release|ARM
		{0F149CB1-6591-4AD7-97B8-8DB88AC66082}.Release|iPhone.ActiveCfg = Release|x86
		{0F149CB1-6591-4AD7-97B8-8DB88AC66082}.Release|iPhoneSimulator.ActiveCfg = Release|x86
		{0F149CB1-6591-4AD7-97B8-8DB88AC66082}.Release|x64.ActiveCfg = Release|x64
		{0F149CB1-6591-4AD7-97B8-8DB88AC66082}.Release|x64.Build.0 = Release|x64
		{0F149CB1-6591-4AD7-97B8-8DB88AC66082}.Release|x64.Deploy.0 = Release|x64
		{0F149CB1-6591-4AD7-97B8-8DB88AC66082}.Release|x86.ActiveCfg = Release|x86
		{0F149CB1-6591-4AD7-97B8-8DB88AC66082}.Release|x86.Build.0 = Release|x86
		{0F149CB1-6591-4AD7-97B8-8DB88AC66082}.Release|x86.Deploy.0 = Release|x86
		{60263AE8-36D7-4DD6-8221-72F83F2A2AD7}.Ad-Hoc|Any CPU.ActiveCfg = Debug|Any CPU
		{60263AE8-36D7-4DD6-8221-72F83F2A2AD7}.Ad-Hoc|Any CPU.Build.0 = Debug|Any CPU
		{60263AE8-36D7-4DD6-8221-72F83F2A2AD7}.Ad-Hoc|Any CPU.Deploy.0 = Debug|Any CPU
		{60263AE8-36D7-4DD6-8221-72F83F2A2AD7}.Ad-Hoc|ARM.ActiveCfg = Debug|Any CPU
		{60263AE8-36D7-4DD6-8221-72F83F2A2AD7}.Ad-Hoc|ARM.Build.0 = Debug|Any CPU
		{60263AE8-36D7-4DD6-8221-72F83F2A2AD7}.Ad-Hoc|ARM.Deploy.0 = Debug|Any CPU
		{60263AE8-36D7-4DD6-8221-72F83F2A2AD7}.Ad-Hoc|iPhone.ActiveCfg = Debug|Any CPU
		{60263AE8-36D7-4DD6-8221-72F83F2A2AD7}.Ad-Hoc|iPhone.Build.0 = Debug|Any CPU
		{60263AE8-36D7-4DD6-8221-72F83F2A2AD7}.Ad-Hoc|iPhone.Deploy.0 = Debug|Any CPU
		{60263AE8-36D7-4DD6-8221-72F83F2A2AD7}.Ad-Hoc|iPhoneSimulator.ActiveCfg = Debug|Any CPU
		{60263AE8-36D7-4DD6-8221-72F83F2A2AD7}.Ad-Hoc|iPhoneSimulator.Build.0 = Debug|Any CPU
		{60263AE8-36D7-4DD6-8221-72F83F2A2AD7}.Ad-Hoc|iPhoneSimulator.Deploy.0 = Debug|Any CPU
		{60263AE8-36D7-4DD6-8221-72F83F2A2AD7}.Ad-Hoc|x64.ActiveCfg = Debug|Any CPU
		{60263AE8-36D7-4DD6-8221-72F83F2A2AD7}.Ad-Hoc|x64.Build.0 = Debug|Any CPU
		{60263AE8-36D7-4DD6-8221-72F83F2A2AD7}.Ad-Hoc|x64.Deploy.0 = Debug|Any CPU
		{60263AE8-36D7-4DD6-8221-72F83F2A2AD7}.Ad-Hoc|x86.ActiveCfg = Debug|Any CPU
		{60263AE8-36D7-4DD6-8221-72F83F2A2AD7}.Ad-Hoc|x86.Build.0 = Debug|Any CPU
		{60263AE8-36D7-4DD6-8221-72F83F2A2AD7}.Ad-Hoc|x86.Deploy.0 = Debug|Any CPU
		{60263AE8-36D7-4DD6-8221-72F83F2A2AD7}.AppStore|Any CPU.ActiveCfg = Debug|Any CPU
		{60263AE8-36D7-4DD6-8221-72F83F2A2AD7}.AppStore|Any CPU.Build.0 = Debug|Any CPU
		{60263AE8-36D7-4DD6-8221-72F83F2A2AD7}.AppStore|Any CPU.Deploy.0 = Debug|Any CPU
		{60263AE8-36D7-4DD6-8221-72F83F2A2AD7}.AppStore|ARM.ActiveCfg = Debug|Any CPU
		{60263AE8-36D7-4DD6-8221-72F83F2A2AD7}.AppStore|ARM.Build.0 = Debug|Any CPU
		{60263AE8-36D7-4DD6-8221-72F83F2A2AD7}.AppStore|ARM.Deploy.0 = Debug|Any CPU
		{60263AE8-36D7-4DD6-8221-72F83F2A2AD7}.AppStore|iPhone.ActiveCfg = Debug|Any CPU
		{60263AE8-36D7-4DD6-8221-72F83F2A2AD7}.AppStore|iPhone.Build.0 = Debug|Any CPU
		{60263AE8-36D7-4DD6-8221-72F83F2A2AD7}.AppStore|iPhone.Deploy.0 = Debug|Any CPU
		{60263AE8-36D7-4DD6-8221-72F83F2A2AD7}.AppStore|iPhoneSimulator.ActiveCfg = Debug|Any CPU
		{60263AE8-36D7-4DD6-8221-72F83F2A2AD7}.AppStore|iPhoneSimulator.Build.0 = Debug|Any CPU
		{60263AE8-36D7-4DD6-8221-72F83F2A2AD7}.AppStore|iPhoneSimulator.Deploy.0 = Debug|Any CPU
		{60263AE8-36D7-4DD6-8221-72F83F2A2AD7}.AppStore|x64.ActiveCfg = Debug|Any CPU
		{60263AE8-36D7-4DD6-8221-72F83F2A2AD7}.AppStore|x64.Build.0 = Debug|Any CPU
		{60263AE8-36D7-4DD6-8221-72F83F2A2AD7}.AppStore|x64.Deploy.0 = Debug|Any CPU
		{60263AE8-36D7-4DD6-8221-72F83F2A2AD7}.AppStore|x86.ActiveCfg = Debug|Any CPU
		{60263AE8-36D7-4DD6-8221-72F83F2A2AD7}.AppStore|x86.Build.0 = Debug|Any CPU
		{60263AE8-36D7-4DD6-8221-72F83F2A2AD7}.AppStore|x86.Deploy.0 = Debug|Any CPU
		{60263AE8-36D7-4DD6-8221-72F83F2A2AD7}.Debug|Any CPU.ActiveCfg = Debug|Any CPU
		{60263AE8-36D7-4DD6-8221-72F83F2A2AD7}.Debug|Any CPU.Build.0 = Debug|Any CPU
		{60263AE8-36D7-4DD6-8221-72F83F2A2AD7}.Debug|Any CPU.Deploy.0 = Debug|Any CPU
		{60263AE8-36D7-4DD6-8221-72F83F2A2AD7}.Debug|ARM.ActiveCfg = Debug|Any CPU
		{60263AE8-36D7-4DD6-8221-72F83F2A2AD7}.Debug|ARM.Build.0 = Debug|Any CPU
		{60263AE8-36D7-4DD6-8221-72F83F2A2AD7}.Debug|ARM.Deploy.0 = Debug|Any CPU
		{60263AE8-36D7-4DD6-8221-72F83F2A2AD7}.Debug|iPhone.ActiveCfg = Debug|Any CPU
		{60263AE8-36D7-4DD6-8221-72F83F2A2AD7}.Debug|iPhone.Build.0 = Debug|Any CPU
		{60263AE8-36D7-4DD6-8221-72F83F2A2AD7}.Debug|iPhone.Deploy.0 = Debug|Any CPU
		{60263AE8-36D7-4DD6-8221-72F83F2A2AD7}.Debug|iPhoneSimulator.ActiveCfg = Debug|Any CPU
		{60263AE8-36D7-4DD6-8221-72F83F2A2AD7}.Debug|iPhoneSimulator.Build.0 = Debug|Any CPU
		{60263AE8-36D7-4DD6-8221-72F83F2A2AD7}.Debug|iPhoneSimulator.Deploy.0 = Debug|Any CPU
		{60263AE8-36D7-4DD6-8221-72F83F2A2AD7}.Debug|x64.ActiveCfg = Debug|Any CPU
		{60263AE8-36D7-4DD6-8221-72F83F2A2AD7}.Debug|x64.Build.0 = Debug|Any CPU
		{60263AE8-36D7-4DD6-8221-72F83F2A2AD7}.Debug|x64.Deploy.0 = Debug|Any CPU
		{60263AE8-36D7-4DD6-8221-72F83F2A2AD7}.Debug|x86.ActiveCfg = Debug|Any CPU
		{60263AE8-36D7-4DD6-8221-72F83F2A2AD7}.Debug|x86.Build.0 = Debug|Any CPU
		{60263AE8-36D7-4DD6-8221-72F83F2A2AD7}.Debug|x86.Deploy.0 = Debug|Any CPU
		{60263AE8-36D7-4DD6-8221-72F83F2A2AD7}.Release|Any CPU.ActiveCfg = Release|Any CPU
		{60263AE8-36D7-4DD6-8221-72F83F2A2AD7}.Release|Any CPU.Build.0 = Release|Any CPU
		{60263AE8-36D7-4DD6-8221-72F83F2A2AD7}.Release|Any CPU.Deploy.0 = Release|Any CPU
		{60263AE8-36D7-4DD6-8221-72F83F2A2AD7}.Release|ARM.ActiveCfg = Release|Any CPU
		{60263AE8-36D7-4DD6-8221-72F83F2A2AD7}.Release|ARM.Build.0 = Release|Any CPU
		{60263AE8-36D7-4DD6-8221-72F83F2A2AD7}.Release|ARM.Deploy.0 = Release|Any CPU
		{60263AE8-36D7-4DD6-8221-72F83F2A2AD7}.Release|iPhone.ActiveCfg = Release|Any CPU
		{60263AE8-36D7-4DD6-8221-72F83F2A2AD7}.Release|iPhone.Build.0 = Release|Any CPU
		{60263AE8-36D7-4DD6-8221-72F83F2A2AD7}.Release|iPhone.Deploy.0 = Release|Any CPU
		{60263AE8-36D7-4DD6-8221-72F83F2A2AD7}.Release|iPhoneSimulator.ActiveCfg = Release|Any CPU
		{60263AE8-36D7-4DD6-8221-72F83F2A2AD7}.Release|iPhoneSimulator.Build.0 = Release|Any CPU
		{60263AE8-36D7-4DD6-8221-72F83F2A2AD7}.Release|iPhoneSimulator.Deploy.0 = Release|Any CPU
		{60263AE8-36D7-4DD6-8221-72F83F2A2AD7}.Release|x64.ActiveCfg = Release|Any CPU
		{60263AE8-36D7-4DD6-8221-72F83F2A2AD7}.Release|x64.Build.0 = Release|Any CPU
		{60263AE8-36D7-4DD6-8221-72F83F2A2AD7}.Release|x64.Deploy.0 = Release|Any CPU
		{60263AE8-36D7-4DD6-8221-72F83F2A2AD7}.Release|x86.ActiveCfg = Release|Any CPU
		{60263AE8-36D7-4DD6-8221-72F83F2A2AD7}.Release|x86.Build.0 = Release|Any CPU
		{60263AE8-36D7-4DD6-8221-72F83F2A2AD7}.Release|x86.Deploy.0 = Release|Any CPU
	EndGlobalSection
	GlobalSection(SolutionProperties) = preSolution
		HideSolutionNode = FALSE
	EndGlobalSection
	GlobalSection(ExtensibilityGlobals) = postSolution
		SolutionGuid = {0DE6BF01-C1F5-4965-AB6F-FB689853F10E}
	EndGlobalSection
EndGlobal
